
Microsoft Visual Studio Solution File, Format Version 12.00
# Visual Studio 2012
Project("{FAE04EC0-301F-11D3-BF4B-00C04F79EFBC}") = "MessageServer", "MessageServer\MessageServer.csproj", "{5535CC5B-46A7-4741-8A59-60D342071DDF}"
EndProject
Global
	GlobalSection(SolutionConfigurationPlatforms) = preSolution
		Debug|Any CPU = Debug|Any CPU
		Release|Any CPU = Release|Any CPU
	EndGlobalSection
	GlobalSection(ProjectConfigurationPlatforms) = postSolution
		{5535CC5B-46A7-4741-8A59-60D342071DDF}.Debug|Any CPU.ActiveCfg = Debug|Any CPU
		{5535CC5B-46A7-4741-8A59-60D342071DDF}.Debug|Any CPU.Build.0 = Debug|Any CPU
		{5535CC5B-46A7-4741-8A59-60D342071DDF}.Release|Any CPU.ActiveCfg = Release|Any CPU
		{5535CC5B-46A7-4741-8A59-60D342071DDF}.Release|Any CPU.Build.0 = Release|Any CPU
	EndGlobalSection
	GlobalSection(SolutionProperties) = preSolution
		HideSolutionNode = FALSE
	EndGlobalSection
EndGlobal
