
Microsoft Visual Studio Solution File, Format Version 12.00
# Visual Studio 15
VisualStudioVersion = 15.0.28307.757
MinimumVisualStudioVersion = 10.0.40219.1
Project("{FAE04EC0-301F-11D3-BF4B-00C04F79EFBC}") = "SuperSkill", "SuperSkill\SuperSkill.csproj", "{82BA76A2-B980-402B-812C-7EFDD7AB5EBB}"
EndProject
Global
	GlobalSection(SolutionConfigurationPlatforms) = preSolution
		Debug|Any CPU = Debug|Any CPU
		Release|Any CPU = Release|Any CPU
	EndGlobalSection
	GlobalSection(ProjectConfigurationPlatforms) = postSolution
		{82BA76A2-B980-402B-812C-7EFDD7AB5EBB}.Debug|Any CPU.ActiveCfg = Debug|Any CPU
		{82BA76A2-B980-402B-812C-7EFDD7AB5EBB}.Debug|Any CPU.Build.0 = Debug|Any CPU
		{82BA76A2-B980-402B-812C-7EFDD7AB5EBB}.Release|Any CPU.ActiveCfg = Release|Any CPU
		{82BA76A2-B980-402B-812C-7EFDD7AB5EBB}.Release|Any CPU.Build.0 = Release|Any CPU
	EndGlobalSection
	GlobalSection(SolutionProperties) = preSolution
		HideSolutionNode = FALSE
	EndGlobalSection
	GlobalSection(ExtensibilityGlobals) = postSolution
		SolutionGuid = {7FDF477E-55FE-45A6-B37C-E61F00A45D54}
	EndGlobalSection
EndGlobal
